
Microsoft Visual Studio Solution File, Format Version 12.00
# Visual Studio Version 16
VisualStudioVersion = 16.0.31019.35
MinimumVisualStudioVersion = 10.0.40219.1
Project("{FAE04EC0-301F-11D3-BF4B-00C04F79EFBC}") = "ScriptBlazor", "ScriptBlazor\ScriptBlazor.csproj", "{F507B2DB-C184-4264-B373-4C0E6C0863AE}"
EndProject
Global
	GlobalSection(SolutionConfigurationPlatforms) = preSolution
		Debug|Any CPU = Debug|Any CPU
		Release|Any CPU = Release|Any CPU
	EndGlobalSection
	GlobalSection(ProjectConfigurationPlatforms) = postSolution
		{F507B2DB-C184-4264-B373-4C0E6C0863AE}.Debug|Any CPU.ActiveCfg = Debug|Any CPU
		{F507B2DB-C184-4264-B373-4C0E6C0863AE}.Debug|Any CPU.Build.0 = Debug|Any CPU
		{F507B2DB-C184-4264-B373-4C0E6C0863AE}.Release|Any CPU.ActiveCfg = Release|Any CPU
		{F507B2DB-C184-4264-B373-4C0E6C0863AE}.Release|Any CPU.Build.0 = Release|Any CPU
	EndGlobalSection
	GlobalSection(SolutionProperties) = preSolution
		HideSolutionNode = FALSE
	EndGlobalSection
	GlobalSection(ExtensibilityGlobals) = postSolution
		SolutionGuid = {A5A1BFD3-6F61-4078-BB6A-55CBA038CF01}
	EndGlobalSection
EndGlobal
